
Microsoft Visual Studio Solution File, Format Version 12.00
# Visual Studio Version 17
VisualStudioVersion = 17.1.32228.430
MinimumVisualStudioVersion = 10.0.40219.1
Project("{FAE04EC0-301F-11D3-BF4B-00C04F79EFBC}") = "VoiceChatApp", "VoiceChatApp\VoiceChatApp.csproj", "{7E782B6E-9164-4F5D-A7FC-06AD2E84548B}"
EndProject
Global
	GlobalSection(SolutionConfigurationPlatforms) = preSolution
		Debug|Any CPU = Debug|Any CPU
		Release|Any CPU = Release|Any CPU
	EndGlobalSection
	GlobalSection(ProjectConfigurationPlatforms) = postSolution
		{7E782B6E-9164-4F5D-A7FC-06AD2E84548B}.Debug|Any CPU.ActiveCfg = Debug|Any CPU
		{7E782B6E-9164-4F5D-A7FC-06AD2E84548B}.Debug|Any CPU.Build.0 = Debug|Any CPU
		{7E782B6E-9164-4F5D-A7FC-06AD2E84548B}.Release|Any CPU.ActiveCfg = Release|Any CPU
		{7E782B6E-9164-4F5D-A7FC-06AD2E84548B}.Release|Any CPU.Build.0 = Release|Any CPU
	EndGlobalSection
	GlobalSection(SolutionProperties) = preSolution
		HideSolutionNode = FALSE
	EndGlobalSection
	GlobalSection(ExtensibilityGlobals) = postSolution
		SolutionGuid = {7746EDB5-F65E-4523-81B7-8DE8C0BF1926}
	EndGlobalSection
EndGlobal
